// !$*UTF8*$!
{
	archiveVersion = 1;
	classes = {
	};
	objectVersion = 48;
	objects = {

/* Begin PBXBuildFile section */
		0C28BC74209E494300049E48 /* AppDelegate.swift in Sources */ = {isa = PBXBuildFile; fileRef = 0C28BC73209E494300049E48 /* AppDelegate.swift */; };
		0C28BC79209E494300049E48 /* Main.storyboard in Resources */ = {isa = PBXBuildFile; fileRef = 0C28BC77209E494300049E48 /* Main.storyboard */; };
		0C28BC7B209E494300049E48 /* Assets.xcassets in Resources */ = {isa = PBXBuildFile; fileRef = 0C28BC7A209E494300049E48 /* Assets.xcassets */; };
		0C28BC7E209E494300049E48 /* LaunchScreen.storyboard in Resources */ = {isa = PBXBuildFile; fileRef = 0C28BC7C209E494300049E48 /* LaunchScreen.storyboard */; };
		0C28BC89209E494300049E48 /* jabari_tumblrTests.swift in Sources */ = {isa = PBXBuildFile; fileRef = 0C28BC88209E494300049E48 /* jabari_tumblrTests.swift */; };
		0C28BC94209E494300049E48 /* jabari_tumblrUITests.swift in Sources */ = {isa = PBXBuildFile; fileRef = 0C28BC93209E494300049E48 /* jabari_tumblrUITests.swift */; };
		0CD13074209E4ED000A3A55B /* PhotosViewController.swift in Sources */ = {isa = PBXBuildFile; fileRef = 0CD13073209E4ED000A3A55B /* PhotosViewController.swift */; };
		0CD13078209E64A300A3A55B /* PhotoCell.swift in Sources */ = {isa = PBXBuildFile; fileRef = 0CD13077209E64A300A3A55B /* PhotoCell.swift */; };
		4124A524CA049021F04583ED /* Pods_jabari_tumblrUITests.framework in Frameworks */ = {isa = PBXBuildFile; fileRef = 8956A1444D9CE99070080B4B /* Pods_jabari_tumblrUITests.framework */; };
		B56A13133379993E92CD4239 /* Pods_jabari_tumblrTests.framework in Frameworks */ = {isa = PBXBuildFile; fileRef = C293FD1CDCEDE9F5BD943215 /* Pods_jabari_tumblrTests.framework */; };
		E10472C4B07014272FCE7F96 /* Pods_jabari_tumblr.framework in Frameworks */ = {isa = PBXBuildFile; fileRef = 4DBA7DD31A40501B441101A4 /* Pods_jabari_tumblr.framework */; };
/* End PBXBuildFile section */

/* Begin PBXContainerItemProxy section */
		0C28BC85209E494300049E48 /* PBXContainerItemProxy */ = {
			isa = PBXContainerItemProxy;
			containerPortal = 0C28BC68209E494300049E48 /* Project object */;
			proxyType = 1;
			remoteGlobalIDString = 0C28BC6F209E494300049E48;
			remoteInfo = jabari_tumblr;
		};
		0C28BC90209E494300049E48 /* PBXContainerItemProxy */ = {
			isa = PBXContainerItemProxy;
			containerPortal = 0C28BC68209E494300049E48 /* Project object */;
			proxyType = 1;
			remoteGlobalIDString = 0C28BC6F209E494300049E48;
			remoteInfo = jabari_tumblr;
		};
/* End PBXContainerItemProxy section */

/* Begin PBXFileReference section */
		0139EC7DE7043ED5746A0286 /* Pods-jabari_tumblrTests.release.xcconfig */ = {isa = PBXFileReference; includeInIndex = 1; lastKnownFileType = text.xcconfig; name = "Pods-jabari_tumblrTests.release.xcconfig"; path = "Pods/Target Support Files/Pods-jabari_tumblrTests/Pods-jabari_tumblrTests.release.xcconfig"; sourceTree = "<group>"; };
		0C28BC70209E494300049E48 /* jabari_tumblr.app */ = {isa = PBXFileReference; explicitFileType = wrapper.application; includeInIndex = 0; path = jabari_tumblr.app; sourceTree = BUILT_PRODUCTS_DIR; };
		0C28BC73209E494300049E48 /* AppDelegate.swift */ = {isa = PBXFileReference; lastKnownFileType = sourcecode.swift; path = AppDelegate.swift; sourceTree = "<group>"; };
		0C28BC78209E494300049E48 /* Base */ = {isa = PBXFileReference; lastKnownFileType = file.storyboard; name = Base; path = Base.lproj/Main.storyboard; sourceTree = "<group>"; };
		0C28BC7A209E494300049E48 /* Assets.xcassets */ = {isa = PBXFileReference; lastKnownFileType = folder.assetcatalog; path = Assets.xcassets; sourceTree = "<group>"; };
		0C28BC7D209E494300049E48 /* Base */ = {isa = PBXFileReference; lastKnownFileType = file.storyboard; name = Base; path = Base.lproj/LaunchScreen.storyboard; sourceTree = "<group>"; };
		0C28BC7F209E494300049E48 /* Info.plist */ = {isa = PBXFileReference; lastKnownFileType = text.plist.xml; path = Info.plist; sourceTree = "<group>"; };
		0C28BC84209E494300049E48 /* jabari_tumblrTests.xctest */ = {isa = PBXFileReference; explicitFileType = wrapper.cfbundle; includeInIndex = 0; path = jabari_tumblrTests.xctest; sourceTree = BUILT_PRODUCTS_DIR; };
		0C28BC88209E494300049E48 /* jabari_tumblrTests.swift */ = {isa = PBXFileReference; lastKnownFileType = sourcecode.swift; path = jabari_tumblrTests.swift; sourceTree = "<group>"; };
		0C28BC8A209E494300049E48 /* Info.plist */ = {isa = PBXFileReference; lastKnownFileType = text.plist.xml; path = Info.plist; sourceTree = "<group>"; };
		0C28BC8F209E494300049E48 /* jabari_tumblrUITests.xctest */ = {isa = PBXFileReference; explicitFileType = wrapper.cfbundle; includeInIndex = 0; path = jabari_tumblrUITests.xctest; sourceTree = BUILT_PRODUCTS_DIR; };
		0C28BC93209E494300049E48 /* jabari_tumblrUITests.swift */ = {isa = PBXFileReference; lastKnownFileType = sourcecode.swift; path = jabari_tumblrUITests.swift; sourceTree = "<group>"; };
		0C28BC95209E494300049E48 /* Info.plist */ = {isa = PBXFileReference; lastKnownFileType = text.plist.xml; path = Info.plist; sourceTree = "<group>"; };
		0CD13073209E4ED000A3A55B /* PhotosViewController.swift */ = {isa = PBXFileReference; lastKnownFileType = sourcecode.swift; path = PhotosViewController.swift; sourceTree = "<group>"; };
		0CD13077209E64A300A3A55B /* PhotoCell.swift */ = {isa = PBXFileReference; lastKnownFileType = sourcecode.swift; path = PhotoCell.swift; sourceTree = "<group>"; };
		4DBA7DD31A40501B441101A4 /* Pods_jabari_tumblr.framework */ = {isa = PBXFileReference; explicitFileType = wrapper.framework; includeInIndex = 0; path = Pods_jabari_tumblr.framework; sourceTree = BUILT_PRODUCTS_DIR; };
		74331590A8931218F08AE620 /* Pods-jabari_tumblr.debug.xcconfig */ = {isa = PBXFileReference; includeInIndex = 1; lastKnownFileType = text.xcconfig; name = "Pods-jabari_tumblr.debug.xcconfig"; path = "Pods/Target Support Files/Pods-jabari_tumblr/Pods-jabari_tumblr.debug.xcconfig"; sourceTree = "<group>"; };
		8956A1444D9CE99070080B4B /* Pods_jabari_tumblrUITests.framework */ = {isa = PBXFileReference; explicitFileType = wrapper.framework; includeInIndex = 0; path = Pods_jabari_tumblrUITests.framework; sourceTree = BUILT_PRODUCTS_DIR; };
		9C992F85E065664F5870681C /* Pods-jabari_tumblr.release.xcconfig */ = {isa = PBXFileReference; includeInIndex = 1; lastKnownFileType = text.xcconfig; name = "Pods-jabari_tumblr.release.xcconfig"; path = "Pods/Target Support Files/Pods-jabari_tumblr/Pods-jabari_tumblr.release.xcconfig"; sourceTree = "<group>"; };
		C293FD1CDCEDE9F5BD943215 /* Pods_jabari_tumblrTests.framework */ = {isa = PBXFileReference; explicitFileType = wrapper.framework; includeInIndex = 0; path = Pods_jabari_tumblrTests.framework; sourceTree = BUILT_PRODUCTS_DIR; };
		EA5357907780451DFFD4339C /* Pods-jabari_tumblrUITests.debug.xcconfig */ = {isa = PBXFileReference; includeInIndex = 1; lastKnownFileType = text.xcconfig; name = "Pods-jabari_tumblrUITests.debug.xcconfig"; path = "Pods/Target Support Files/Pods-jabari_tumblrUITests/Pods-jabari_tumblrUITests.debug.xcconfig"; sourceTree = "<group>"; };
		FF4D306A7BDAFB50AD790F2E /* Pods-jabari_tumblrUITests.release.xcconfig */ = {isa = PBXFileReference; includeInIndex = 1; lastKnownFileType = text.xcconfig; name = "Pods-jabari_tumblrUITests.release.xcconfig"; path = "Pods/Target Support Files/Pods-jabari_tumblrUITests/Pods-jabari_tumblrUITests.release.xcconfig"; sourceTree = "<group>"; };
		FF79D6C9CD805D40BF70D229 /* Pods-jabari_tumblrTests.debug.xcconfig */ = {isa = PBXFileReference; includeInIndex = 1; lastKnownFileType = text.xcconfig; name = "Pods-jabari_tumblrTests.debug.xcconfig"; path = "Pods/Target Support Files/Pods-jabari_tumblrTests/Pods-jabari_tumblrTests.debug.xcconfig"; sourceTree = "<group>"; };
/* End PBXFileReference section */

/* Begin PBXFrameworksBuildPhase section */
		0C28BC6D209E494300049E48 /* Frameworks */ = {
			isa = PBXFrameworksBuildPhase;
			buildActionMask = 2147483647;
			files = (
				E10472C4B07014272FCE7F96 /* Pods_jabari_tumblr.framework in Frameworks */,
			);
			runOnlyForDeploymentPostprocessing = 0;
		};
		0C28BC81209E494300049E48 /* Frameworks */ = {
			isa = PBXFrameworksBuildPhase;
			buildActionMask = 2147483647;
			files = (
				B56A13133379993E92CD4239 /* Pods_jabari_tumblrTests.framework in Frameworks */,
			);
			runOnlyForDeploymentPostprocessing = 0;
		};
		0C28BC8C209E494300049E48 /* Frameworks */ = {
			isa = PBXFrameworksBuildPhase;
			buildActionMask = 2147483647;
			files = (
				4124A524CA049021F04583ED /* Pods_jabari_tumblrUITests.framework in Frameworks */,
			);
			runOnlyForDeploymentPostprocessing = 0;
		};
/* End PBXFrameworksBuildPhase section */

/* Begin PBXGroup section */
		015E298FF62DD52FF300D4D7 /* Pods */ = {
			isa = PBXGroup;
			children = (
				74331590A8931218F08AE620 /* Pods-jabari_tumblr.debug.xcconfig */,
				9C992F85E065664F5870681C /* Pods-jabari_tumblr.release.xcconfig */,
				FF79D6C9CD805D40BF70D229 /* Pods-jabari_tumblrTests.debug.xcconfig */,
				0139EC7DE7043ED5746A0286 /* Pods-jabari_tumblrTests.release.xcconfig */,
				EA5357907780451DFFD4339C /* Pods-jabari_tumblrUITests.debug.xcconfig */,
				FF4D306A7BDAFB50AD790F2E /* Pods-jabari_tumblrUITests.release.xcconfig */,
			);
			name = Pods;
			sourceTree = "<group>";
		};
		077929797379B56D8B4CA4F0 /* Frameworks */ = {
			isa = PBXGroup;
			children = (
				4DBA7DD31A40501B441101A4 /* Pods_jabari_tumblr.framework */,
				C293FD1CDCEDE9F5BD943215 /* Pods_jabari_tumblrTests.framework */,
				8956A1444D9CE99070080B4B /* Pods_jabari_tumblrUITests.framework */,
			);
			name = Frameworks;
			sourceTree = "<group>";
		};
		0C28BC67209E494300049E48 = {
			isa = PBXGroup;
			children = (
				0C28BC72209E494300049E48 /* jabari_tumblr */,
				0C28BC87209E494300049E48 /* jabari_tumblrTests */,
				0C28BC92209E494300049E48 /* jabari_tumblrUITests */,
				0C28BC71209E494300049E48 /* Products */,
				015E298FF62DD52FF300D4D7 /* Pods */,
				077929797379B56D8B4CA4F0 /* Frameworks */,
			);
			sourceTree = "<group>";
		};
		0C28BC71209E494300049E48 /* Products */ = {
			isa = PBXGroup;
			children = (
				0C28BC70209E494300049E48 /* jabari_tumblr.app */,
				0C28BC84209E494300049E48 /* jabari_tumblrTests.xctest */,
				0C28BC8F209E494300049E48 /* jabari_tumblrUITests.xctest */,
			);
			name = Products;
			sourceTree = "<group>";
		};
		0C28BC72209E494300049E48 /* jabari_tumblr */ = {
			isa = PBXGroup;
			children = (
				0C28BC73209E494300049E48 /* AppDelegate.swift */,
				0C28BC77209E494300049E48 /* Main.storyboard */,
				0C28BC7A209E494300049E48 /* Assets.xcassets */,
				0C28BC7C209E494300049E48 /* LaunchScreen.storyboard */,
				0C28BC7F209E494300049E48 /* Info.plist */,
				0CD13073209E4ED000A3A55B /* PhotosViewController.swift */,
				0CD13077209E64A300A3A55B /* PhotoCell.swift */,
			);
			path = jabari_tumblr;
			sourceTree = "<group>";
		};
		0C28BC87209E494300049E48 /* jabari_tumblrTests */ = {
			isa = PBXGroup;
			children = (
				0C28BC88209E494300049E48 /* jabari_tumblrTests.swift */,
				0C28BC8A209E494300049E48 /* Info.plist */,
			);
			path = jabari_tumblrTests;
			sourceTree = "<group>";
		};
		0C28BC92209E494300049E48 /* jabari_tumblrUITests */ = {
			isa = PBXGroup;
			children = (
				0C28BC93209E494300049E48 /* jabari_tumblrUITests.swift */,
				0C28BC95209E494300049E48 /* Info.plist */,
			);
			path = jabari_tumblrUITests;
			sourceTree = "<group>";
		};
/* End PBXGroup section */

/* Begin PBXNativeTarget section */
		0C28BC6F209E494300049E48 /* jabari_tumblr */ = {
			isa = PBXNativeTarget;
			buildConfigurationList = 0C28BC98209E494300049E48 /* Build configuration list for PBXNativeTarget "jabari_tumblr" */;
			buildPhases = (
				222639418B0E6DBB3ADC50D6 /* [CP] Check Pods Manifest.lock */,
				0C28BC6C209E494300049E48 /* Sources */,
				0C28BC6D209E494300049E48 /* Frameworks */,
				0C28BC6E209E494300049E48 /* Resources */,
				4B95EDB5548A326024936020 /* [CP] Embed Pods Frameworks */,
				ED3C88141BBF7398995C96B3 /* [CP] Copy Pods Resources */,
			);
			buildRules = (
			);
			dependencies = (
			);
			name = jabari_tumblr;
			productName = jabari_tumblr;
			productReference = 0C28BC70209E494300049E48 /* jabari_tumblr.app */;
			productType = "com.apple.product-type.application";
		};
		0C28BC83209E494300049E48 /* jabari_tumblrTests */ = {
			isa = PBXNativeTarget;
			buildConfigurationList = 0C28BC9B209E494300049E48 /* Build configuration list for PBXNativeTarget "jabari_tumblrTests" */;
			buildPhases = (
				0955B1E8202A83F5AD9CA104 /* [CP] Check Pods Manifest.lock */,
				0C28BC80209E494300049E48 /* Sources */,
				0C28BC81209E494300049E48 /* Frameworks */,
				0C28BC82209E494300049E48 /* Resources */,
				0CE70F45CF3AABCB7310848A /* [CP] Embed Pods Frameworks */,
				2A86EE675ABCC2853CEA8F48 /* [CP] Copy Pods Resources */,
			);
			buildRules = (
			);
			dependencies = (
				0C28BC86209E494300049E48 /* PBXTargetDependency */,
			);
			name = jabari_tumblrTests;
			productName = jabari_tumblrTests;
			productReference = 0C28BC84209E494300049E48 /* jabari_tumblrTests.xctest */;
			productType = "com.apple.product-type.bundle.unit-test";
		};
		0C28BC8E209E494300049E48 /* jabari_tumblrUITests */ = {
			isa = PBXNativeTarget;
			buildConfigurationList = 0C28BC9E209E494300049E48 /* Build configuration list for PBXNativeTarget "jabari_tumblrUITests" */;
			buildPhases = (
				24988A1292537D00670AD3E2 /* [CP] Check Pods Manifest.lock */,
				0C28BC8B209E494300049E48 /* Sources */,
				0C28BC8C209E494300049E48 /* Frameworks */,
				0C28BC8D209E494300049E48 /* Resources */,
				8ACF6A26CC26D97086E20B91 /* [CP] Embed Pods Frameworks */,
				CB1A22652BF851C304F89250 /* [CP] Copy Pods Resources */,
			);
			buildRules = (
			);
			dependencies = (
				0C28BC91209E494300049E48 /* PBXTargetDependency */,
			);
			name = jabari_tumblrUITests;
			productName = jabari_tumblrUITests;
			productReference = 0C28BC8F209E494300049E48 /* jabari_tumblrUITests.xctest */;
			productType = "com.apple.product-type.bundle.ui-testing";
		};
/* End PBXNativeTarget section */

/* Begin PBXProject section */
		0C28BC68209E494300049E48 /* Project object */ = {
			isa = PBXProject;
			attributes = {
				LastSwiftUpdateCheck = 0920;
				LastUpgradeCheck = 0920;
				ORGANIZATIONNAME = Jabari;
				TargetAttributes = {
					0C28BC6F209E494300049E48 = {
						CreatedOnToolsVersion = 9.2;
						ProvisioningStyle = Automatic;
					};
					0C28BC83209E494300049E48 = {
						CreatedOnToolsVersion = 9.2;
						ProvisioningStyle = Automatic;
						TestTargetID = 0C28BC6F209E494300049E48;
					};
					0C28BC8E209E494300049E48 = {
						CreatedOnToolsVersion = 9.2;
						ProvisioningStyle = Automatic;
						TestTargetID = 0C28BC6F209E494300049E48;
					};
				};
			};
			buildConfigurationList = 0C28BC6B209E494300049E48 /* Build configuration list for PBXProject "jabari_tumblr" */;
			compatibilityVersion = "Xcode 8.0";
			developmentRegion = en;
			hasScannedForEncodings = 0;
			knownRegions = (
				en,
				Base,
			);
			mainGroup = 0C28BC67209E494300049E48;
			productRefGroup = 0C28BC71209E494300049E48 /* Products */;
			projectDirPath = "";
			projectRoot = "";
			targets = (
				0C28BC6F209E494300049E48 /* jabari_tumblr */,
				0C28BC83209E494300049E48 /* jabari_tumblrTests */,
				0C28BC8E209E494300049E48 /* jabari_tumblrUITests */,
			);
		};
/* End PBXProject section */

/* Begin PBXResourcesBuildPhase section */
		0C28BC6E209E494300049E48 /* Resources */ = {
			isa = PBXResourcesBuildPhase;
			buildActionMask = 2147483647;
			files = (
				0C28BC7E209E494300049E48 /* LaunchScreen.storyboard in Resources */,
				0C28BC7B209E494300049E48 /* Assets.xcassets in Resources */,
				0C28BC79209E494300049E48 /* Main.storyboard in Resources */,
			);
			runOnlyForDeploymentPostprocessing = 0;
		};
		0C28BC82209E494300049E48 /* Resources */ = {
			isa = PBXResourcesBuildPhase;
			buildActionMask = 2147483647;
			files = (
			);
			runOnlyForDeploymentPostprocessing = 0;
		};
		0C28BC8D209E494300049E48 /* Resources */ = {
			isa = PBXResourcesBuildPhase;
			buildActionMask = 2147483647;
			files = (
			);
			runOnlyForDeploymentPostprocessing = 0;
		};
/* End PBXResourcesBuildPhase section */

/* Begin PBXShellScriptBuildPhase section */
		0955B1E8202A83F5AD9CA104 /* [CP] Check Pods Manifest.lock */ = {
			isa = PBXShellScriptBuildPhase;
			buildActionMask = 2147483647;
			files = (
			);
			inputPaths = (
				"${PODS_PODFILE_DIR_PATH}/Podfile.lock",
				"${PODS_ROOT}/Manifest.lock",
			);
			name = "[CP] Check Pods Manifest.lock";
			outputPaths = (
				"$(DERIVED_FILE_DIR)/Pods-jabari_tumblrTests-checkManifestLockResult.txt",
			);
			runOnlyForDeploymentPostprocessing = 0;
			shellPath = /bin/sh;
			shellScript = "diff \"${PODS_PODFILE_DIR_PATH}/Podfile.lock\" \"${PODS_ROOT}/Manifest.lock\" > /dev/null\nif [ $? != 0 ] ; then\n    # print error to STDERR\n    echo \"error: The sandbox is not in sync with the Podfile.lock. Run 'pod install' or update your CocoaPods installation.\" >&2\n    exit 1\nfi\n# This output is used by Xcode 'outputs' to avoid re-running this script phase.\necho \"SUCCESS\" > \"${SCRIPT_OUTPUT_FILE_0}\"\n";
			showEnvVarsInLog = 0;
		};
		0CE70F45CF3AABCB7310848A /* [CP] Embed Pods Frameworks */ = {
			isa = PBXShellScriptBuildPhase;
			buildActionMask = 2147483647;
			files = (
			);
			inputPaths = (
			);
			name = "[CP] Embed Pods Frameworks";
			outputPaths = (
			);
			runOnlyForDeploymentPostprocessing = 0;
			shellPath = /bin/sh;
			shellScript = "\"${SRCROOT}/Pods/Target Support Files/Pods-jabari_tumblrTests/Pods-jabari_tumblrTests-frameworks.sh\"\n";
			showEnvVarsInLog = 0;
		};
		222639418B0E6DBB3ADC50D6 /* [CP] Check Pods Manifest.lock */ = {
			isa = PBXShellScriptBuildPhase;
			buildActionMask = 2147483647;
			files = (
			);
			inputPaths = (
				"${PODS_PODFILE_DIR_PATH}/Podfile.lock",
				"${PODS_ROOT}/Manifest.lock",
			);
			name = "[CP] Check Pods Manifest.lock";
			outputPaths = (
				"$(DERIVED_FILE_DIR)/Pods-jabari_tumblr-checkManifestLockResult.txt",
			);
			runOnlyForDeploymentPostprocessing = 0;
			shellPath = /bin/sh;
			shellScript = "diff \"${PODS_PODFILE_DIR_PATH}/Podfile.lock\" \"${PODS_ROOT}/Manifest.lock\" > /dev/null\nif [ $? != 0 ] ; then\n    # print error to STDERR\n    echo \"error: The sandbox is not in sync with the Podfile.lock. Run 'pod install' or update your CocoaPods installation.\" >&2\n    exit 1\nfi\n# This output is used by Xcode 'outputs' to avoid re-running this script phase.\necho \"SUCCESS\" > \"${SCRIPT_OUTPUT_FILE_0}\"\n";
			showEnvVarsInLog = 0;
		};
		24988A1292537D00670AD3E2 /* [CP] Check Pods Manifest.lock */ = {
			isa = PBXShellScriptBuildPhase;
			buildActionMask = 2147483647;
			files = (
			);
			inputPaths = (
				"${PODS_PODFILE_DIR_PATH}/Podfile.lock",
				"${PODS_ROOT}/Manifest.lock",
			);
			name = "[CP] Check Pods Manifest.lock";
			outputPaths = (
				"$(DERIVED_FILE_DIR)/Pods-jabari_tumblrUITests-checkManifestLockResult.txt",
			);
			runOnlyForDeploymentPostprocessing = 0;
			shellPath = /bin/sh;
			shellScript = "diff \"${PODS_PODFILE_DIR_PATH}/Podfile.lock\" \"${PODS_ROOT}/Manifest.lock\" > /dev/null\nif [ $? != 0 ] ; then\n    # print error to STDERR\n    echo \"error: The sandbox is not in sync with the Podfile.lock. Run 'pod install' or update your CocoaPods installation.\" >&2\n    exit 1\nfi\n# This output is used by Xcode 'outputs' to avoid re-running this script phase.\necho \"SUCCESS\" > \"${SCRIPT_OUTPUT_FILE_0}\"\n";
			showEnvVarsInLog = 0;
		};
		2A86EE675ABCC2853CEA8F48 /* [CP] Copy Pods Resources */ = {
			isa = PBXShellScriptBuildPhase;
			buildActionMask = 2147483647;
			files = (
			);
			inputPaths = (
			);
			name = "[CP] Copy Pods Resources";
			outputPaths = (
			);
			runOnlyForDeploymentPostprocessing = 0;
			shellPath = /bin/sh;
			shellScript = "\"${SRCROOT}/Pods/Target Support Files/Pods-jabari_tumblrTests/Pods-jabari_tumblrTests-resources.sh\"\n";
			showEnvVarsInLog = 0;
		};
		4B95EDB5548A326024936020 /* [CP] Embed Pods Frameworks */ = {
			isa = PBXShellScriptBuildPhase;
			buildActionMask = 2147483647;
			files = (
			);
			inputPaths = (
				"${SRCROOT}/Pods/Target Support Files/Pods-jabari_tumblr/Pods-jabari_tumblr-frameworks.sh",
				"${BUILT_PRODUCTS_DIR}/Alamofire/Alamofire.framework",
				"${BUILT_PRODUCTS_DIR}/AlamofireImage/AlamofireImage.framework",
			);
			name = "[CP] Embed Pods Frameworks";
			outputPaths = (
				"${TARGET_BUILD_DIR}/${FRAMEWORKS_FOLDER_PATH}/Alamofire.framework",
				"${TARGET_BUILD_DIR}/${FRAMEWORKS_FOLDER_PATH}/AlamofireImage.framework",
			);
			runOnlyForDeploymentPostprocessing = 0;
			shellPath = /bin/sh;
			shellScript = "\"${SRCROOT}/Pods/Target Support Files/Pods-jabari_tumblr/Pods-jabari_tumblr-frameworks.sh\"\n";
			showEnvVarsInLog = 0;
		};
		8ACF6A26CC26D97086E20B91 /* [CP] Embed Pods Frameworks */ = {
			isa = PBXShellScriptBuildPhase;
			buildActionMask = 2147483647;
			files = (
			);
			inputPaths = (
			);
			name = "[CP] Embed Pods Frameworks";
			outputPaths = (
			);
			runOnlyForDeploymentPostprocessing = 0;
			shellPath = /bin/sh;
			shellScript = "\"${SRCROOT}/Pods/Target Support Files/Pods-jabari_tumblrUITests/Pods-jabari_tumblrUITests-frameworks.sh\"\n";
			showEnvVarsInLog = 0;
		};
		CB1A22652BF851C304F89250 /* [CP] Copy Pods Resources */ = {
			isa = PBXShellScriptBuildPhase;
			buildActionMask = 2147483647;
			files = (
			);
			inputPaths = (
			);
			name = "[CP] Copy Pods Resources";
			outputPaths = (
			);
			runOnlyForDeploymentPostprocessing = 0;
			shellPath = /bin/sh;
			shellScript = "\"${SRCROOT}/Pods/Target Support Files/Pods-jabari_tumblrUITests/Pods-jabari_tumblrUITests-resources.sh\"\n";
			showEnvVarsInLog = 0;
		};
		ED3C88141BBF7398995C96B3 /* [CP] Copy Pods Resources */ = {
			isa = PBXShellScriptBuildPhase;
			buildActionMask = 2147483647;
			files = (
			);
			inputPaths = (
			);
			name = "[CP] Copy Pods Resources";
			outputPaths = (
			);
			runOnlyForDeploymentPostprocessing = 0;
			shellPath = /bin/sh;
			shellScript = "\"${SRCROOT}/Pods/Target Support Files/Pods-jabari_tumblr/Pods-jabari_tumblr-resources.sh\"\n";
			showEnvVarsInLog = 0;
		};
/* End PBXShellScriptBuildPhase section */

/* Begin PBXSourcesBuildPhase section */
		0C28BC6C209E494300049E48 /* Sources */ = {
			isa = PBXSourcesBuildPhase;
			buildActionMask = 2147483647;
			files = (
				0C28BC74209E494300049E48 /* AppDelegate.swift in Sources */,
				0CD13078209E64A300A3A55B /* PhotoCell.swift in Sources */,
				0CD13074209E4ED000A3A55B /* PhotosViewController.swift in Sources */,
			);
			runOnlyForDeploymentPostprocessing = 0;
		};
		0C28BC80209E494300049E48 /* Sources */ = {
			isa = PBXSourcesBuildPhase;
			buildActionMask = 2147483647;
			files = (
				0C28BC89209E494300049E48 /* jabari_tumblrTests.swift in Sources */,
			);
			runOnlyForDeploymentPostprocessing = 0;
		};
		0C28BC8B209E494300049E48 /* Sources */ = {
			isa = PBXSourcesBuildPhase;
			buildActionMask = 2147483647;
			files = (
				0C28BC94209E494300049E48 /* jabari_tumblrUITests.swift in Sources */,
			);
			runOnlyForDeploymentPostprocessing = 0;
		};
/* End PBXSourcesBuildPhase section */

/* Begin PBXTargetDependency section */
		0C28BC86209E494300049E48 /* PBXTargetDependency */ = {
			isa = PBXTargetDependency;
			target = 0C28BC6F209E494300049E48 /* jabari_tumblr */;
			targetProxy = 0C28BC85209E494300049E48 /* PBXContainerItemProxy */;
		};
		0C28BC91209E494300049E48 /* PBXTargetDependency */ = {
			isa = PBXTargetDependency;
			target = 0C28BC6F209E494300049E48 /* jabari_tumblr */;
			targetProxy = 0C28BC90209E494300049E48 /* PBXContainerItemProxy */;
		};
/* End PBXTargetDependency section */

/* Begin PBXVariantGroup section */
		0C28BC77209E494300049E48 /* Main.storyboard */ = {
			isa = PBXVariantGroup;
			children = (
				0C28BC78209E494300049E48 /* Base */,
			);
			name = Main.storyboard;
			sourceTree = "<group>";
		};
		0C28BC7C209E494300049E48 /* LaunchScreen.storyboard */ = {
			isa = PBXVariantGroup;
			children = (
				0C28BC7D209E494300049E48 /* Base */,
			);
			name = LaunchScreen.storyboard;
			sourceTree = "<group>";
		};
/* End PBXVariantGroup section */

/* Begin XCBuildConfiguration section */
		0C28BC96209E494300049E48 /* Debug */ = {
			isa = XCBuildConfiguration;
			buildSettings = {
				ALWAYS_SEARCH_USER_PATHS = NO;
				CLANG_ANALYZER_NONNULL = YES;
				CLANG_ANALYZER_NUMBER_OBJECT_CONVERSION = YES_AGGRESSIVE;
				CLANG_CXX_LANGUAGE_STANDARD = "gnu++14";
				CLANG_CXX_LIBRARY = "libc++";
				CLANG_ENABLE_MODULES = YES;
				CLANG_ENABLE_OBJC_ARC = YES;
				CLANG_WARN_BLOCK_CAPTURE_AUTORELEASING = YES;
				CLANG_WARN_BOOL_CONVERSION = YES;
				CLANG_WARN_COMMA = YES;
				CLANG_WARN_CONSTANT_CONVERSION = YES;
				CLANG_WARN_DIRECT_OBJC_ISA_USAGE = YES_ERROR;
				CLANG_WARN_DOCUMENTATION_COMMENTS = YES;
				CLANG_WARN_EMPTY_BODY = YES;
				CLANG_WARN_ENUM_CONVERSION = YES;
				CLANG_WARN_INFINITE_RECURSION = YES;
				CLANG_WARN_INT_CONVERSION = YES;
				CLANG_WARN_NON_LITERAL_NULL_CONVERSION = YES;
				CLANG_WARN_OBJC_LITERAL_CONVERSION = YES;
				CLANG_WARN_OBJC_ROOT_CLASS = YES_ERROR;
				CLANG_WARN_RANGE_LOOP_ANALYSIS = YES;
				CLANG_WARN_STRICT_PROTOTYPES = YES;
				CLANG_WARN_SUSPICIOUS_MOVE = YES;
				CLANG_WARN_UNGUARDED_AVAILABILITY = YES_AGGRESSIVE;
				CLANG_WARN_UNREACHABLE_CODE = YES;
				CLANG_WARN__DUPLICATE_METHOD_MATCH = YES;
				CODE_SIGN_IDENTITY = "iPhone Developer";
				COPY_PHASE_STRIP = NO;
				DEBUG_INFORMATION_FORMAT = dwarf;
				ENABLE_STRICT_OBJC_MSGSEND = YES;
				ENABLE_TESTABILITY = YES;
				GCC_C_LANGUAGE_STANDARD = gnu11;
				GCC_DYNAMIC_NO_PIC = NO;
				GCC_NO_COMMON_BLOCKS = YES;
				GCC_OPTIMIZATION_LEVEL = 0;
				GCC_PREPROCESSOR_DEFINITIONS = (
					"DEBUG=1",
					"$(inherited)",
				);
				GCC_WARN_64_TO_32_BIT_CONVERSION = YES;
				GCC_WARN_ABOUT_RETURN_TYPE = YES_ERROR;
				GCC_WARN_UNDECLARED_SELECTOR = YES;
				GCC_WARN_UNINITIALIZED_AUTOS = YES_AGGRESSIVE;
				GCC_WARN_UNUSED_FUNCTION = YES;
				GCC_WARN_UNUSED_VARIABLE = YES;
				IPHONEOS_DEPLOYMENT_TARGET = 11.2;
				MTL_ENABLE_DEBUG_INFO = YES;
				ONLY_ACTIVE_ARCH = YES;
				SDKROOT = iphoneos;
				SWIFT_ACTIVE_COMPILATION_CONDITIONS = DEBUG;
				SWIFT_OPTIMIZATION_LEVEL = "-Onone";
			};
			name = Debug;
		};
		0C28BC97209E494300049E48 /* Release */ = {
			isa = XCBuildConfiguration;
			buildSettings = {
				ALWAYS_SEARCH_USER_PATHS = NO;
				CLANG_ANALYZER_NONNULL = YES;
				CLANG_ANALYZER_NUMBER_OBJECT_CONVERSION = YES_AGGRESSIVE;
				CLANG_CXX_LANGUAGE_STANDARD = "gnu++14";
				CLANG_CXX_LIBRARY = "libc++";
				CLANG_ENABLE_MODULES = YES;
				CLANG_ENABLE_OBJC_ARC = YES;
				CLANG_WARN_BLOCK_CAPTURE_AUTORELEASING = YES;
				CLANG_WARN_BOOL_CONVERSION = YES;
				CLANG_WARN_COMMA = YES;
				CLANG_WARN_CONSTANT_CONVERSION = YES;
				CLANG_WARN_DIRECT_OBJC_ISA_USAGE = YES_ERROR;
				CLANG_WARN_DOCUMENTATION_COMMENTS = YES;
				CLANG_WARN_EMPTY_BODY = YES;
				CLANG_WARN_ENUM_CONVERSION = YES;
				CLANG_WARN_INFINITE_RECURSION = YES;
				CLANG_WARN_INT_CONVERSION = YES;
				CLANG_WARN_NON_LITERAL_NULL_CONVERSION = YES;
				CLANG_WARN_OBJC_LITERAL_CONVERSION = YES;
				CLANG_WARN_OBJC_ROOT_CLASS = YES_ERROR;
				CLANG_WARN_RANGE_LOOP_ANALYSIS = YES;
				CLANG_WARN_STRICT_PROTOTYPES = YES;
				CLANG_WARN_SUSPICIOUS_MOVE = YES;
				CLANG_WARN_UNGUARDED_AVAILABILITY = YES_AGGRESSIVE;
				CLANG_WARN_UNREACHABLE_CODE = YES;
				CLANG_WARN__DUPLICATE_METHOD_MATCH = YES;
				CODE_SIGN_IDENTITY = "iPhone Developer";
				COPY_PHASE_STRIP = NO;
				DEBUG_INFORMATION_FORMAT = "dwarf-with-dsym";
				ENABLE_NS_ASSERTIONS = NO;
				ENABLE_STRICT_OBJC_MSGSEND = YES;
				GCC_C_LANGUAGE_STANDARD = gnu11;
				GCC_NO_COMMON_BLOCKS = YES;
				GCC_WARN_64_TO_32_BIT_CONVERSION = YES;
				GCC_WARN_ABOUT_RETURN_TYPE = YES_ERROR;
				GCC_WARN_UNDECLARED_SELECTOR = YES;
				GCC_WARN_UNINITIALIZED_AUTOS = YES_AGGRESSIVE;
				GCC_WARN_UNUSED_FUNCTION = YES;
				GCC_WARN_UNUSED_VARIABLE = YES;
				IPHONEOS_DEPLOYMENT_TARGET = 11.2;
				MTL_ENABLE_DEBUG_INFO = NO;
				SDKROOT = iphoneos;
				SWIFT_OPTIMIZATION_LEVEL = "-Owholemodule";
				VALIDATE_PRODUCT = YES;
			};
			name = Release;
		};
		0C28BC99209E494300049E48 /* Debug */ = {
			isa = XCBuildConfiguration;
			baseConfigurationReference = 74331590A8931218F08AE620 /* Pods-jabari_tumblr.debug.xcconfig */;
			buildSettings = {
				ASSETCATALOG_COMPILER_APPICON_NAME = AppIcon;
				CODE_SIGN_STYLE = Automatic;
				INFOPLIST_FILE = jabari_tumblr/Info.plist;
				LD_RUNPATH_SEARCH_PATHS = "$(inherited) @executable_path/Frameworks";
				PRODUCT_BUNDLE_IDENTIFIER = "Jabari.jabari-tumblr";
				PRODUCT_NAME = "$(TARGET_NAME)";
				SWIFT_VERSION = 4.0;
				TARGETED_DEVICE_FAMILY = "1,2";
			};
			name = Debug;
		};
		0C28BC9A209E494300049E48 /* Release */ = {
			isa = XCBuildConfiguration;
			baseConfigurationReference = 9C992F85E065664F5870681C /* Pods-jabari_tumblr.release.xcconfig */;
			buildSettings = {
				ASSETCATALOG_COMPILER_APPICON_NAME = AppIcon;
				CODE_SIGN_STYLE = Automatic;
				INFOPLIST_FILE = jabari_tumblr/Info.plist;
				LD_RUNPATH_SEARCH_PATHS = "$(inherited) @executable_path/Frameworks";
				PRODUCT_BUNDLE_IDENTIFIER = "Jabari.jabari-tumblr";
				PRODUCT_NAME = "$(TARGET_NAME)";
				SWIFT_VERSION = 4.0;
				TARGETED_DEVICE_FAMILY = "1,2";
			};
			name = Release;
		};
		0C28BC9C209E494300049E48 /* Debug */ = {
			isa = XCBuildConfiguration;
			baseConfigurationReference = FF79D6C9CD805D40BF70D229 /* Pods-jabari_tumblrTests.debug.xcconfig */;
			buildSettings = {
				ALWAYS_EMBED_SWIFT_STANDARD_LIBRARIES = YES;
				BUNDLE_LOADER = "$(TEST_HOST)";
				CODE_SIGN_STYLE = Automatic;
				INFOPLIST_FILE = jabari_tumblrTests/Info.plist;
				LD_RUNPATH_SEARCH_PATHS = "$(inherited) @executable_path/Frameworks @loader_path/Frameworks";
				PRODUCT_BUNDLE_IDENTIFIER = "Jabari.jabari-tumblrTests";
				PRODUCT_NAME = "$(TARGET_NAME)";
				SWIFT_VERSION = 4.0;
				TARGETED_DEVICE_FAMILY = "1,2";
				TEST_HOST = "$(BUILT_PRODUCTS_DIR)/jabari_tumblr.app/jabari_tumblr";
			};
			name = Debug;
		};
		0C28BC9D209E494300049E48 /* Release */ = {
			isa = XCBuildConfiguration;
			baseConfigurationReference = 0139EC7DE7043ED5746A0286 /* Pods-jabari_tumblrTests.release.xcconfig */;
			buildSettings = {
				ALWAYS_EMBED_SWIFT_STANDARD_LIBRARIES = YES;
				BUNDLE_LOADER = "$(TEST_HOST)";
				CODE_SIGN_STYLE = Automatic;
				INFOPLIST_FILE = jabari_tumblrTests/Info.plist;
				LD_RUNPATH_SEARCH_PATHS = "$(inherited) @executable_path/Frameworks @loader_path/Frameworks";
				PRODUCT_BUNDLE_IDENTIFIER = "Jabari.jabari-tumblrTests";
				PRODUCT_NAME = "$(TARGET_NAME)";
				SWIFT_VERSION = 4.0;
				TARGETED_DEVICE_FAMILY = "1,2";
				TEST_HOST = "$(BUILT_PRODUCTS_DIR)/jabari_tumblr.app/jabari_tumblr";
			};
			name = Release;
		};
		0C28BC9F209E494300049E48 /* Debug */ = {
			isa = XCBuildConfiguration;
			baseConfigurationReference = EA5357907780451DFFD4339C /* Pods-jabari_tumblrUITests.debug.xcconfig */;
			buildSettings = {
				ALWAYS_EMBED_SWIFT_STANDARD_LIBRARIES = YES;
				CODE_SIGN_STYLE = Automatic;
				INFOPLIST_FILE = jabari_tumblrUITests/Info.plist;
				LD_RUNPATH_SEARCH_PATHS = "$(inherited) @executable_path/Frameworks @loader_path/Frameworks";
				PRODUCT_BUNDLE_IDENTIFIER = "Jabari.jabari-tumblrUITests";
				PRODUCT_NAME = "$(TARGET_NAME)";
				SWIFT_VERSION = 4.0;
				TARGETED_DEVICE_FAMILY = "1,2";
				TEST_TARGET_NAME = jabari_tumblr;
			};
			name = Debug;
		};
		0C28BCA0209E494300049E48 /* Release */ = {
			isa = XCBuildConfiguration;
			baseConfigurationReference = FF4D306A7BDAFB50AD790F2E /* Pods-jabari_tumblrUITests.release.xcconfig */;
			buildSettings = {
				ALWAYS_EMBED_SWIFT_STANDARD_LIBRARIES = YES;
				CODE_SIGN_STYLE = Automatic;
				INFOPLIST_FILE = jabari_tumblrUITests/Info.plist;
				LD_RUNPATH_SEARCH_PATHS = "$(inherited) @executable_path/Frameworks @loader_path/Frameworks";
				PRODUCT_BUNDLE_IDENTIFIER = "Jabari.jabari-tumblrUITests";
				PRODUCT_NAME = "$(TARGET_NAME)";
				SWIFT_VERSION = 4.0;
				TARGETED_DEVICE_FAMILY = "1,2";
				TEST_TARGET_NAME = jabari_tumblr;
			};
			name = Release;
		};
/* End XCBuildConfiguration section */

/* Begin XCConfigurationList section */
		0C28BC6B209E494300049E48 /* Build configuration list for PBXProject "jabari_tumblr" */ = {
			isa = XCConfigurationList;
			buildConfigurations = (
				0C28BC96209E494300049E48 /* Debug */,
				0C28BC97209E494300049E48 /* Release */,
			);
			defaultConfigurationIsVisible = 0;
			defaultConfigurationName = Release;
		};
		0C28BC98209E494300049E48 /* Build configuration list for PBXNativeTarget "jabari_tumblr" */ = {
			isa = XCConfigurationList;
			buildConfigurations = (
				0C28BC99209E494300049E48 /* Debug */,
				0C28BC9A209E494300049E48 /* Release */,
			);
			defaultConfigurationIsVisible = 0;
			defaultConfigurationName = Release;
		};
		0C28BC9B209E494300049E48 /* Build configuration list for PBXNativeTarget "jabari_tumblrTests" */ = {
			isa = XCConfigurationList;
			buildConfigurations = (
				0C28BC9C209E494300049E48 /* Debug */,
				0C28BC9D209E494300049E48 /* Release */,
			);
			defaultConfigurationIsVisible = 0;
			defaultConfigurationName = Release;
		};
		0C28BC9E209E494300049E48 /* Build configuration list for PBXNativeTarget "jabari_tumblrUITests" */ = {
			isa = XCConfigurationList;
			buildConfigurations = (
				0C28BC9F209E494300049E48 /* Debug */,
				0C28BCA0209E494300049E48 /* Release */,
			);
			defaultConfigurationIsVisible = 0;
			defaultConfigurationName = Release;
		};
/* End XCConfigurationList section */
	};
	rootObject = 0C28BC68209E494300049E48 /* Project object */;
}
